
Microsoft Visual Studio Solution File, Format Version 12.00
# Visual Studio 2012
Project("{F184B08F-C81C-45F6-A57F-5ABD9991F28F}") = "KU_Registration", "KU_Registration\KU_Registration.vbproj", "{E4C6CC04-CEA9-4121-BE58-E8686B3E6E6E}"
EndProject
Global
	GlobalSection(SolutionConfigurationPlatforms) = preSolution
		Debug|Any CPU = Debug|Any CPU
		Release|Any CPU = Release|Any CPU
	EndGlobalSection
	GlobalSection(ProjectConfigurationPlatforms) = postSolution
		{E4C6CC04-CEA9-4121-BE58-E8686B3E6E6E}.Debug|Any CPU.ActiveCfg = Debug|Any CPU
		{E4C6CC04-CEA9-4121-BE58-E8686B3E6E6E}.Debug|Any CPU.Build.0 = Debug|Any CPU
		{E4C6CC04-CEA9-4121-BE58-E8686B3E6E6E}.Release|Any CPU.ActiveCfg = Release|Any CPU
		{E4C6CC04-CEA9-4121-BE58-E8686B3E6E6E}.Release|Any CPU.Build.0 = Release|Any CPU
	EndGlobalSection
	GlobalSection(SolutionProperties) = preSolution
		HideSolutionNode = FALSE
	EndGlobalSection
EndGlobal
